
Microsoft Visual Studio Solution File, Format Version 12.00
# Visual Studio Version 16
VisualStudioVersion = 16.0.30907.101
MinimumVisualStudioVersion = 10.0.40219.1
Project("{FAE04EC0-301F-11D3-BF4B-00C04F79EFBC}") = "Day14", "Day14.csproj", "{1C925D64-B9CE-4D5B-88FE-AD302F391C30}"
EndProject
Global
	GlobalSection(SolutionConfigurationPlatforms) = preSolution
		Debug|Any CPU = Debug|Any CPU
		Release|Any CPU = Release|Any CPU
	EndGlobalSection
	GlobalSection(ProjectConfigurationPlatforms) = postSolution
		{1C925D64-B9CE-4D5B-88FE-AD302F391C30}.Debug|Any CPU.ActiveCfg = Debug|Any CPU
		{1C925D64-B9CE-4D5B-88FE-AD302F391C30}.Debug|Any CPU.Build.0 = Debug|Any CPU
		{1C925D64-B9CE-4D5B-88FE-AD302F391C30}.Release|Any CPU.ActiveCfg = Release|Any CPU
		{1C925D64-B9CE-4D5B-88FE-AD302F391C30}.Release|Any CPU.Build.0 = Release|Any CPU
	EndGlobalSection
	GlobalSection(SolutionProperties) = preSolution
		HideSolutionNode = FALSE
	EndGlobalSection
	GlobalSection(ExtensibilityGlobals) = postSolution
		SolutionGuid = {BA8627D4-9E7A-4691-B02D-8119148FEB4F}
	EndGlobalSection
EndGlobal
